
Microsoft Visual Studio Solution File, Format Version 12.00
# Visual Studio 15
VisualStudioVersion = 15.0.28307.1022
MinimumVisualStudioVersion = 10.0.40219.1
Project("{FAE04EC0-301F-11D3-BF4B-00C04F79EFBC}") = "DBT karnataka", "DBT karnataka\DBT karnataka.csproj", "{422FBBA7-3E84-413A-A5C8-570D2E12E62A}"
EndProject
Global
	GlobalSection(SolutionConfigurationPlatforms) = preSolution
		Debug|Any CPU = Debug|Any CPU
		Release|Any CPU = Release|Any CPU
	EndGlobalSection
	GlobalSection(ProjectConfigurationPlatforms) = postSolution
		{422FBBA7-3E84-413A-A5C8-570D2E12E62A}.Debug|Any CPU.ActiveCfg = Debug|Any CPU
		{422FBBA7-3E84-413A-A5C8-570D2E12E62A}.Debug|Any CPU.Build.0 = Debug|Any CPU
		{422FBBA7-3E84-413A-A5C8-570D2E12E62A}.Release|Any CPU.ActiveCfg = Release|Any CPU
		{422FBBA7-3E84-413A-A5C8-570D2E12E62A}.Release|Any CPU.Build.0 = Release|Any CPU
	EndGlobalSection
	GlobalSection(SolutionProperties) = preSolution
		HideSolutionNode = FALSE
	EndGlobalSection
	GlobalSection(ExtensibilityGlobals) = postSolution
		SolutionGuid = {8F647F1A-E865-4027-9C0A-ED2853D4427D}
	EndGlobalSection
EndGlobal
